Microsoft Visual Studio Solution File, Format Version 12.00
# Visual Studio Version 17
VisualStudioVersion = 17.0.31903.59
MinimumVisualStudioVersion = 10.0.40219.1
Project("{FAE04EC0-301F-11D3-BF4B-00C04F79EFBC}") = "KeelMatrix.BehaviorOracle", "src\KeelMatrix.BehaviorOracle\KeelMatrix.BehaviorOracle.csproj", "{A6F914CF-95B0-4B62-ACD6-CEB6A2DAF1A1}"
EndProject
Project("{FAE04EC0-301F-11D3-BF4B-00C04F79EFBC}") = "KeelMatrix.BehaviorOracle.Tests", "tests\KeelMatrix.BehaviorOracle.Tests\KeelMatrix.BehaviorOracle.Tests.csproj", "{4A9236AE-46D4-4772-9A1C-3CC0D3DD8C8C}"
EndProject
Project("{FAE04EC0-301F-11D3-BF4B-00C04F79EFBC}") = "NarrowIntegerSurface", "tests\Fixtures\NarrowIntegerSurface\NarrowIntegerSurface.csproj", "{B6E2A9D1-4E46-4A89-B8B7-1E40D64F6B2A}"
EndProject
Project("{FAE04EC0-301F-11D3-BF4B-00C04F79EFBC}") = "HiddenState", "bench\corpus\HiddenState\HiddenState.csproj", "{F4E7C2F2-18C0-4D4D-AB06-733A30D0B555}"
EndProject
Project("{FAE04EC0-301F-11D3-BF4B-00C04F79EFBC}") = "Baseline", "bench\corpus\baseline\Baseline.csproj", "{0D84A5F8-7D0E-4B22-B5C8-9D3C0BCA0A41}"
EndProject
Project("{2150E333-8FDC-42A3-9474-1A3956D46DE8}") = "bench", "bench", "{9C1D5BBD-4A67-4B21-AB91-1B48F1DD67FE}"
EndProject
Project("{2150E333-8FDC-42A3-9474-1A3956D46DE8}") = "corpus", "corpus", "{9B8D4E74-F580-4601-BBF3-18DB8D6819A3}"
EndProject
Project("{FAE04EC0-301F-11D3-BF4B-00C04F79EFBC}") = "Candidate", "bench\corpus\candidate\Candidate.csproj", "{53A454ED-134A-4F02-A1D5-CB47519CA44E}"
EndProject
Global
	GlobalSection(SolutionConfigurationPlatforms) = preSolution
		Debug|Any CPU = Debug|Any CPU
		Release|Any CPU = Release|Any CPU
	EndGlobalSection
	GlobalSection(ProjectConfigurationPlatforms) = postSolution
		{A6F914CF-95B0-4B62-ACD6-CEB6A2DAF1A1}.Debug|Any CPU.ActiveCfg = Debug|Any CPU
		{A6F914CF-95B0-4B62-ACD6-CEB6A2DAF1A1}.Debug|Any CPU.Build.0 = Debug|Any CPU
		{A6F914CF-95B0-4B62-ACD6-CEB6A2DAF1A1}.Release|Any CPU.ActiveCfg = Release|Any CPU
		{A6F914CF-95B0-4B62-ACD6-CEB6A2DAF1A1}.Release|Any CPU.Build.0 = Release|Any CPU
		{4A9236AE-46D4-4772-9A1C-3CC0D3DD8C8C}.Debug|Any CPU.ActiveCfg = Debug|Any CPU
		{4A9236AE-46D4-4772-9A1C-3CC0D3DD8C8C}.Debug|Any CPU.Build.0 = Debug|Any CPU
		{4A9236AE-46D4-4772-9A1C-3CC0D3DD8C8C}.Release|Any CPU.ActiveCfg = Release|Any CPU
		{4A9236AE-46D4-4772-9A1C-3CC0D3DD8C8C}.Release|Any CPU.Build.0 = Release|Any CPU
		{B6E2A9D1-4E46-4A89-B8B7-1E40D64F6B2A}.Debug|Any CPU.ActiveCfg = Debug|Any CPU
		{B6E2A9D1-4E46-4A89-B8B7-1E40D64F6B2A}.Debug|Any CPU.Build.0 = Debug|Any CPU
		{B6E2A9D1-4E46-4A89-B8B7-1E40D64F6B2A}.Release|Any CPU.ActiveCfg = Release|Any CPU
		{B6E2A9D1-4E46-4A89-B8B7-1E40D64F6B2A}.Release|Any CPU.Build.0 = Release|Any CPU
		{F4E7C2F2-18C0-4D4D-AB06-733A30D0B555}.Debug|Any CPU.ActiveCfg = Debug|Any CPU
		{F4E7C2F2-18C0-4D4D-AB06-733A30D0B555}.Debug|Any CPU.Build.0 = Debug|Any CPU
		{F4E7C2F2-18C0-4D4D-AB06-733A30D0B555}.Release|Any CPU.ActiveCfg = Release|Any CPU
		{F4E7C2F2-18C0-4D4D-AB06-733A30D0B555}.Release|Any CPU.Build.0 = Release|Any CPU
		{0D84A5F8-7D0E-4B22-B5C8-9D3C0BCA0A41}.Debug|Any CPU.ActiveCfg = Debug|Any CPU
		{0D84A5F8-7D0E-4B22-B5C8-9D3C0BCA0A41}.Debug|Any CPU.Build.0 = Debug|Any CPU
		{0D84A5F8-7D0E-4B22-B5C8-9D3C0BCA0A41}.Release|Any CPU.ActiveCfg = Release|Any CPU
		{0D84A5F8-7D0E-4B22-B5C8-9D3C0BCA0A41}.Release|Any CPU.Build.0 = Release|Any CPU
		{53A454ED-134A-4F02-A1D5-CB47519CA44E}.Debug|Any CPU.ActiveCfg = Debug|Any CPU
		{53A454ED-134A-4F02-A1D5-CB47519CA44E}.Debug|Any CPU.Build.0 = Debug|Any CPU
		{53A454ED-134A-4F02-A1D5-CB47519CA44E}.Release|Any CPU.ActiveCfg = Release|Any CPU
		{53A454ED-134A-4F02-A1D5-CB47519CA44E}.Release|Any CPU.Build.0 = Release|Any CPU
	EndGlobalSection
	GlobalSection(SolutionProperties) = preSolution
		HideSolutionNode = FALSE
	EndGlobalSection
	GlobalSection(NestedProjects) = preSolution
		{9B8D4E74-F580-4601-BBF3-18DB8D6819A3} = {9C1D5BBD-4A67-4B21-AB91-1B48F1DD67FE}
		{53A454ED-134A-4F02-A1D5-CB47519CA44E} = {9B8D4E74-F580-4601-BBF3-18DB8D6819A3}
	EndGlobalSection
EndGlobal
